
Microsoft Visual Studio Solution File, Format Version 12.00
# Visual Studio Version 16
VisualStudioVersion = 16.0.30907.101
MinimumVisualStudioVersion = 10.0.40219.1
Project("{9A19103F-16F7-4668-BE54-9A1E7A4F7556}") = "CursoMVC", "CursoMVC.csproj", "{799D0B71-5CC9-482B-9A4A-74B3DB2F6D47}"
EndProject
Project("{FAE04EC0-301F-11D3-BF4B-00C04F79EFBC}") = "CursoAPI", "..\CursoAPI\CursoAPI.csproj", "{3A5882B0-8A89-42A8-A04E-CC322BB23219}"
EndProject
Global
	GlobalSection(SolutionConfigurationPlatforms) = preSolution
		Debug|Any CPU = Debug|Any CPU
		Release|Any CPU = Release|Any CPU
	EndGlobalSection
	GlobalSection(ProjectConfigurationPlatforms) = postSolution
		{799D0B71-5CC9-482B-9A4A-74B3DB2F6D47}.Debug|Any CPU.ActiveCfg = Debug|Any CPU
		{799D0B71-5CC9-482B-9A4A-74B3DB2F6D47}.Debug|Any CPU.Build.0 = Debug|Any CPU
		{799D0B71-5CC9-482B-9A4A-74B3DB2F6D47}.Release|Any CPU.ActiveCfg = Release|Any CPU
		{799D0B71-5CC9-482B-9A4A-74B3DB2F6D47}.Release|Any CPU.Build.0 = Release|Any CPU
		{3A5882B0-8A89-42A8-A04E-CC322BB23219}.Debug|Any CPU.ActiveCfg = Debug|Any CPU
		{3A5882B0-8A89-42A8-A04E-CC322BB23219}.Debug|Any CPU.Build.0 = Debug|Any CPU
		{3A5882B0-8A89-42A8-A04E-CC322BB23219}.Release|Any CPU.ActiveCfg = Release|Any CPU
		{3A5882B0-8A89-42A8-A04E-CC322BB23219}.Release|Any CPU.Build.0 = Release|Any CPU
	EndGlobalSection
	GlobalSection(SolutionProperties) = preSolution
		HideSolutionNode = FALSE
	EndGlobalSection
	GlobalSection(ExtensibilityGlobals) = postSolution
		SolutionGuid = {DFE62012-5DDF-4C53-B8B0-6B05BE11AD16}
	EndGlobalSection
EndGlobal
