
Microsoft Visual Studio Solution File, Format Version 12.00
# Visual Studio Version 16
VisualStudioVersion = 16.0.30907.101
MinimumVisualStudioVersion = 10.0.40219.1
Project("{9A19103F-16F7-4668-BE54-9A1E7A4F7556}") = "CursoMVC", "CursoMVC.csproj", "{36372284-4EE4-4619-B84B-276F7454AF66}"
EndProject
Project("{9A19103F-16F7-4668-BE54-9A1E7A4F7556}") = "CursoAPI", "..\CursoAPI\CursoAPI.csproj", "{EE28756A-BACA-4BEB-93EC-7675A6CC5DFB}"
EndProject
Project("{FAE04EC0-301F-11D3-BF4B-00C04F79EFBC}") = "CursoTeste", "..\CursoTeste\CursoTeste.csproj", "{862C28BA-F84A-4FE2-B141-577093073F79}"
EndProject
Global
	GlobalSection(SolutionConfigurationPlatforms) = preSolution
		Debug|Any CPU = Debug|Any CPU
		Release|Any CPU = Release|Any CPU
	EndGlobalSection
	GlobalSection(ProjectConfigurationPlatforms) = postSolution
		{36372284-4EE4-4619-B84B-276F7454AF66}.Debug|Any CPU.ActiveCfg = Debug|Any CPU
		{36372284-4EE4-4619-B84B-276F7454AF66}.Debug|Any CPU.Build.0 = Debug|Any CPU
		{36372284-4EE4-4619-B84B-276F7454AF66}.Release|Any CPU.ActiveCfg = Release|Any CPU
		{36372284-4EE4-4619-B84B-276F7454AF66}.Release|Any CPU.Build.0 = Release|Any CPU
		{EE28756A-BACA-4BEB-93EC-7675A6CC5DFB}.Debug|Any CPU.ActiveCfg = Debug|Any CPU
		{EE28756A-BACA-4BEB-93EC-7675A6CC5DFB}.Debug|Any CPU.Build.0 = Debug|Any CPU
		{EE28756A-BACA-4BEB-93EC-7675A6CC5DFB}.Release|Any CPU.ActiveCfg = Release|Any CPU
		{EE28756A-BACA-4BEB-93EC-7675A6CC5DFB}.Release|Any CPU.Build.0 = Release|Any CPU
		{862C28BA-F84A-4FE2-B141-577093073F79}.Debug|Any CPU.ActiveCfg = Debug|Any CPU
		{862C28BA-F84A-4FE2-B141-577093073F79}.Debug|Any CPU.Build.0 = Debug|Any CPU
		{862C28BA-F84A-4FE2-B141-577093073F79}.Release|Any CPU.ActiveCfg = Release|Any CPU
		{862C28BA-F84A-4FE2-B141-577093073F79}.Release|Any CPU.Build.0 = Release|Any CPU
	EndGlobalSection
	GlobalSection(SolutionProperties) = preSolution
		HideSolutionNode = FALSE
	EndGlobalSection
	GlobalSection(ExtensibilityGlobals) = postSolution
		SolutionGuid = {DFE62012-5DDF-4C53-B8B0-6B05BE11AD16}
	EndGlobalSection
EndGlobal
